
Microsoft Visual Studio Solution File, Format Version 12.00
# Visual Studio Version 17
VisualStudioVersion = 17.5.33516.290
MinimumVisualStudioVersion = 10.0.40219.1
Project("{FAE04EC0-301F-11D3-BF4B-00C04F79EFBC}") = "Not_Kayıt_Sistemi", "Not_Kayıt_Sistemi\Not_Kayıt_Sistemi.csproj", "{A661ECE0-1904-424A-BCF4-24DF96C5E6A8}"
EndProject
Global
	GlobalSection(SolutionConfigurationPlatforms) = preSolution
		Debug|Any CPU = Debug|Any CPU
		Release|Any CPU = Release|Any CPU
	EndGlobalSection
	GlobalSection(ProjectConfigurationPlatforms) = postSolution
		{A661ECE0-1904-424A-BCF4-24DF96C5E6A8}.Debug|Any CPU.ActiveCfg = Debug|Any CPU
		{A661ECE0-1904-424A-BCF4-24DF96C5E6A8}.Debug|Any CPU.Build.0 = Debug|Any CPU
		{A661ECE0-1904-424A-BCF4-24DF96C5E6A8}.Release|Any CPU.ActiveCfg = Release|Any CPU
		{A661ECE0-1904-424A-BCF4-24DF96C5E6A8}.Release|Any CPU.Build.0 = Release|Any CPU
	EndGlobalSection
	GlobalSection(SolutionProperties) = preSolution
		HideSolutionNode = FALSE
	EndGlobalSection
	GlobalSection(ExtensibilityGlobals) = postSolution
		SolutionGuid = {F41D48E3-5CE9-4FEE-A406-16A4CC413BED}
	EndGlobalSection
EndGlobal
